{
  "name": "ti-js_sample_node",
  "version": "1.0.0",
  "lockfileVersion": 1,
  "requires": true,
  "dependencies": {
    "ti-js": {
      "version": "0.4.9",
      "resolved": "https://registry.npmjs.org/ti-js/-/ti-js-0.4.9.tgz",
      "integrity": "sha512-cN7FwF8Ane6MtJW5nN98TmCek06oZajUBDvVO58o0l5HvLdFRXDXz1iowj2cbNKlJo6fcfFBBc21//BQOHEfew=="
    }
  }
}
