{
  "name": "ti-js_sample_node",
  "version": "1.0.0",
  "lockfileVersion": 1,
  "requires": true,
  "dependencies": {
    "ti-js": {
      "version": "0.4.20",
      "resolved": "https://registry.npmjs.org/ti-js/-/ti-js-0.4.20.tgz",
      "integrity": "sha512-04+9D6P1i2uLM4d4lbE8eRkam4zdMqkD4gp9kb0b6dSI8vivFYqyERBMMm5g8qyR3Tbxq4KquyKZImguZkAhsQ=="
    }
  }
}
